{
  "version": 4,
  "terraform_version": "1.10.5",
  "serial": 11,
  "lineage": "97bd4dff-bc14-fdec-2995-ebf45742613c",
  "outputs": {},
  "resources": [
    {
      "mode": "managed",
      "type": "google_storage_bucket",
      "name": "model_bucket",
      "provider": "provider[\"registry.terraform.io/hashicorp/google\"]",
      "instances": [
        {
          "schema_version": 3,
          "attributes": {
            "autoclass": [],
            "cors": [],
            "custom_placement_config": [],
            "default_event_based_hold": false,
            "effective_labels": {
              "goog-terraform-provisioned": "true"
            },
            "enable_object_retention": false,
            "encryption": [],
            "force_destroy": true,
            "hierarchical_namespace": [
              {
                "enabled": false
              }
            ],
            "id": "passcompass-ml-bucket",
            "ip_filter": [],
            "labels": {},
            "lifecycle_rule": [],
            "location": "EU",
            "logging": [],
            "name": "passcompass-ml-bucket",
            "project": "mlops-zoomcamp-464517",
            "project_number": 883314325750,
            "public_access_prevention": "inherited",
            "requester_pays": false,
            "retention_policy": [],
            "rpo": "DEFAULT",
            "self_link": "https://www.googleapis.com/storage/v1/b/passcompass-ml-bucket",
            "soft_delete_policy": [
              {
                "effective_time": "2025-06-30T17:58:42.469Z",
                "retention_duration_seconds": 604800
              }
            ],
            "storage_class": "STANDARD",
            "terraform_labels": {
              "goog-terraform-provisioned": "true"
            },
            "time_created": "2025-06-30T17:58:42.469Z",
            "timeouts": null,
            "uniform_bucket_level_access": true,
            "updated": "2025-06-30T17:58:42.469Z",
            "url": "gs://passcompass-ml-bucket",
            "versioning": [],
            "website": []
          },
          "sensitive_attributes": [],
          "private": "eyJlMmJmYjczMC1lY2FhLTExZTYtOGY4OC0zNDM2M2JjN2M0YzAiOnsiY3JlYXRlIjo2MDAwMDAwMDAwMDAsInJlYWQiOjI0MDAwMDAwMDAwMCwidXBkYXRlIjoyNDAwMDAwMDAwMDB9LCJzY2hlbWFfdmVyc2lvbiI6IjMifQ=="
        }
      ]
    },
    {
      "mode": "managed",
      "type": "google_storage_bucket_object",
      "name": "data_folder",
      "provider": "provider[\"registry.terraform.io/hashicorp/google\"]",
      "instances": [
        {
          "schema_version": 0,
          "attributes": {
            "bucket": "passcompass-ml-bucket",
            "cache_control": "",
            "content": null,
            "content_disposition": "",
            "content_encoding": "",
            "content_language": "",
            "content_type": "text/plain; charset=utf-8",
            "crc32c": "9z5zmA==",
            "customer_encryption": [],
            "detect_md5hash": "smAJivyToFRCfWPE3mvmoQ==",
            "event_based_hold": false,
            "generation": 1751306541590138,
            "id": "passcompass-ml-bucket-data/.keep",
            "kms_key_name": "",
            "md5hash": "smAJivyToFRCfWPE3mvmoQ==",
            "md5hexhash": "b260098afc93a054427d63c4de6be6a1",
            "media_link": "https://storage.googleapis.com/download/storage/v1/b/passcompass-ml-bucket/o/data%2F.keep?generation=1751306541590138\u0026alt=media",
            "metadata": null,
            "name": "data/.keep",
            "output_name": "data/.keep",
            "retention": [],
            "self_link": "https://www.googleapis.com/storage/v1/b/passcompass-ml-bucket/o/data%2F.keep",
            "source": "./dummy/.keep",
            "source_md5hash": "",
            "storage_class": "STANDARD",
            "temporary_hold": false,
            "timeouts": null
          },
          "sensitive_attributes": [
            [
              {
                "type": "get_attr",
                "value": "content"
              }
            ]
          ],
          "private": "eyJlMmJmYjczMC1lY2FhLTExZTYtOGY4OC0zNDM2M2JjN2M0YzAiOnsiY3JlYXRlIjoyNDAwMDAwMDAwMDAsImRlbGV0ZSI6MjQwMDAwMDAwMDAwLCJ1cGRhdGUiOjI0MDAwMDAwMDAwMH19",
          "dependencies": [
            "google_storage_bucket.model_bucket"
          ]
        }
      ]
    },
    {
      "mode": "managed",
      "type": "google_storage_bucket_object",
      "name": "model_folder",
      "provider": "provider[\"registry.terraform.io/hashicorp/google\"]",
      "instances": [
        {
          "schema_version": 0,
          "attributes": {
            "bucket": "passcompass-ml-bucket",
            "cache_control": "",
            "content": null,
            "content_disposition": "",
            "content_encoding": "",
            "content_language": "",
            "content_type": "text/plain; charset=utf-8",
            "crc32c": "9z5zmA==",
            "customer_encryption": [],
            "detect_md5hash": "smAJivyToFRCfWPE3mvmoQ==",
            "event_based_hold": false,
            "generation": 1751306541591097,
            "id": "passcompass-ml-bucket-model/.keep",
            "kms_key_name": "",
            "md5hash": "smAJivyToFRCfWPE3mvmoQ==",
            "md5hexhash": "b260098afc93a054427d63c4de6be6a1",
            "media_link": "https://storage.googleapis.com/download/storage/v1/b/passcompass-ml-bucket/o/model%2F.keep?generation=1751306541591097\u0026alt=media",
            "metadata": null,
            "name": "model/.keep",
            "output_name": "model/.keep",
            "retention": [],
            "self_link": "https://www.googleapis.com/storage/v1/b/passcompass-ml-bucket/o/model%2F.keep",
            "source": "./dummy/.keep",
            "source_md5hash": "",
            "storage_class": "STANDARD",
            "temporary_hold": false,
            "timeouts": null
          },
          "sensitive_attributes": [
            [
              {
                "type": "get_attr",
                "value": "content"
              }
            ]
          ],
          "private": "eyJlMmJmYjczMC1lY2FhLTExZTYtOGY4OC0zNDM2M2JjN2M0YzAiOnsiY3JlYXRlIjoyNDAwMDAwMDAwMDAsImRlbGV0ZSI6MjQwMDAwMDAwMDAwLCJ1cGRhdGUiOjI0MDAwMDAwMDAwMH19",
          "dependencies": [
            "google_storage_bucket.model_bucket"
          ]
        }
      ]
    }
  ],
  "check_results": null
}
